
Microsoft Visual Studio Solution File, Format Version 12.00
# Visual Studio Version 16
VisualStudioVersion = 16.0.30804.86
MinimumVisualStudioVersion = 10.0.40219.1
Project("{FAE04EC0-301F-11D3-BF4B-00C04F79EFBC}") = "sayıoyunu", "sayıoyunu\sayıoyunu.csproj", "{9FE7E5D0-E308-4602-9BB6-3A572D582886}"
EndProject
Global
	GlobalSection(SolutionConfigurationPlatforms) = preSolution
		Debug|Any CPU = Debug|Any CPU
		Release|Any CPU = Release|Any CPU
	EndGlobalSection
	GlobalSection(ProjectConfigurationPlatforms) = postSolution
		{9FE7E5D0-E308-4602-9BB6-3A572D582886}.Debug|Any CPU.ActiveCfg = Debug|Any CPU
		{9FE7E5D0-E308-4602-9BB6-3A572D582886}.Debug|Any CPU.Build.0 = Debug|Any CPU
		{9FE7E5D0-E308-4602-9BB6-3A572D582886}.Release|Any CPU.ActiveCfg = Release|Any CPU
		{9FE7E5D0-E308-4602-9BB6-3A572D582886}.Release|Any CPU.Build.0 = Release|Any CPU
	EndGlobalSection
	GlobalSection(SolutionProperties) = preSolution
		HideSolutionNode = FALSE
	EndGlobalSection
	GlobalSection(ExtensibilityGlobals) = postSolution
		SolutionGuid = {E093B266-C199-4DEE-B7A7-D47B56DCC2F7}
	EndGlobalSection
EndGlobal
